
Microsoft Visual Studio Solution File, Format Version 12.00
# Visual Studio Version 17
VisualStudioVersion = 17.8.34330.188
MinimumVisualStudioVersion = 10.0.40219.1
Project("{FAE04EC0-301F-11D3-BF4B-00C04F79EFBC}") = "master-pages-studying-tony", "master-pages-studying-tony\master-pages-studying-tony.csproj", "{9856A7EA-FDAD-4D5F-B265-DFA6734D78AF}"
EndProject
Global
	GlobalSection(SolutionConfigurationPlatforms) = preSolution
		Debug|Any CPU = Debug|Any CPU
		Release|Any CPU = Release|Any CPU
	EndGlobalSection
	GlobalSection(ProjectConfigurationPlatforms) = postSolution
		{9856A7EA-FDAD-4D5F-B265-DFA6734D78AF}.Debug|Any CPU.ActiveCfg = Debug|Any CPU
		{9856A7EA-FDAD-4D5F-B265-DFA6734D78AF}.Debug|Any CPU.Build.0 = Debug|Any CPU
		{9856A7EA-FDAD-4D5F-B265-DFA6734D78AF}.Release|Any CPU.ActiveCfg = Release|Any CPU
		{9856A7EA-FDAD-4D5F-B265-DFA6734D78AF}.Release|Any CPU.Build.0 = Release|Any CPU
	EndGlobalSection
	GlobalSection(SolutionProperties) = preSolution
		HideSolutionNode = FALSE
	EndGlobalSection
	GlobalSection(ExtensibilityGlobals) = postSolution
		SolutionGuid = {9A268EF5-E4D8-4EB4-BC8F-92B95EBB582D}
	EndGlobalSection
EndGlobal
